
Microsoft Visual Studio Solution File, Format Version 12.00
# Visual Studio Version 17
VisualStudioVersion = 17.0.32126.317
MinimumVisualStudioVersion = 10.0.40219.1
Project("{9A19103F-16F7-4668-BE54-9A1E7A4F7556}") = "PresentationV", "Programowanie_wspolbiezne\PresentationV\PresentationV.csproj", "{5E9A1443-BBA7-4B7B-B4CF-0F8000666B6F}"
EndProject
Project("{9A19103F-16F7-4668-BE54-9A1E7A4F7556}") = "Logic", "Programowanie_wspolbiezne\Logic\Logic.csproj", "{5C4F5593-F4F2-49F0-B82F-B88063556F75}"
EndProject
Project("{9A19103F-16F7-4668-BE54-9A1E7A4F7556}") = "DataTest", "Programowanie_wspolbiezne\DataTest\DataTest.csproj", "{C2AE2818-94B3-47AA-B8E5-8FF204B2799F}"
EndProject
Project("{9A19103F-16F7-4668-BE54-9A1E7A4F7556}") = "LogicTest", "Programowanie_wspolbiezne\LogicTest\LogicTest.csproj", "{4A1C2618-1D6B-455B-8B80-3DB4B5AABB70}"
EndProject
Project("{9A19103F-16F7-4668-BE54-9A1E7A4F7556}") = "Data", "Programowanie_wspolbiezne\Data\Data.csproj", "{6440E614-F254-4E2E-B25B-CEDCFFD078D5}"
EndProject
Project("{2150E333-8FDC-42A3-9474-1A3956D46DE8}") = "Solution Items", "Solution Items", "{B723B95A-6595-4954-85B4-D43F7B11978F}"
	ProjectSection(SolutionItems) = preProject
		README.md = README.md
	EndProjectSection
EndProject
Project("{FAE04EC0-301F-11D3-BF4B-00C04F79EFBC}") = "PresentationModelViewModel", "PresentationModelViewModel\PresentationModelViewModel.csproj", "{8397E8D9-664F-4FF2-B128-67AAA00E2298}"
EndProject
Global
	GlobalSection(SolutionConfigurationPlatforms) = preSolution
		Debug|Any CPU = Debug|Any CPU
		Debug|x64 = Debug|x64
		Debug|x86 = Debug|x86
		Release|Any CPU = Release|Any CPU
		Release|x64 = Release|x64
		Release|x86 = Release|x86
	EndGlobalSection
	GlobalSection(ProjectConfigurationPlatforms) = postSolution
		{5E9A1443-BBA7-4B7B-B4CF-0F8000666B6F}.Debug|Any CPU.ActiveCfg = Debug|Any CPU
		{5E9A1443-BBA7-4B7B-B4CF-0F8000666B6F}.Debug|Any CPU.Build.0 = Debug|Any CPU
		{5E9A1443-BBA7-4B7B-B4CF-0F8000666B6F}.Debug|x64.ActiveCfg = Debug|Any CPU
		{5E9A1443-BBA7-4B7B-B4CF-0F8000666B6F}.Debug|x64.Build.0 = Debug|Any CPU
		{5E9A1443-BBA7-4B7B-B4CF-0F8000666B6F}.Debug|x86.ActiveCfg = Debug|Any CPU
		{5E9A1443-BBA7-4B7B-B4CF-0F8000666B6F}.Debug|x86.Build.0 = Debug|Any CPU
		{5E9A1443-BBA7-4B7B-B4CF-0F8000666B6F}.Release|Any CPU.ActiveCfg = Release|Any CPU
		{5E9A1443-BBA7-4B7B-B4CF-0F8000666B6F}.Release|Any CPU.Build.0 = Release|Any CPU
		{5E9A1443-BBA7-4B7B-B4CF-0F8000666B6F}.Release|x64.ActiveCfg = Release|Any CPU
		{5E9A1443-BBA7-4B7B-B4CF-0F8000666B6F}.Release|x64.Build.0 = Release|Any CPU
		{5E9A1443-BBA7-4B7B-B4CF-0F8000666B6F}.Release|x86.ActiveCfg = Release|Any CPU
		{5E9A1443-BBA7-4B7B-B4CF-0F8000666B6F}.Release|x86.Build.0 = Release|Any CPU
		{5C4F5593-F4F2-49F0-B82F-B88063556F75}.Debug|Any CPU.ActiveCfg = Debug|Any CPU
		{5C4F5593-F4F2-49F0-B82F-B88063556F75}.Debug|Any CPU.Build.0 = Debug|Any CPU
		{5C4F5593-F4F2-49F0-B82F-B88063556F75}.Debug|x64.ActiveCfg = Debug|Any CPU
		{5C4F5593-F4F2-49F0-B82F-B88063556F75}.Debug|x64.Build.0 = Debug|Any CPU
		{5C4F5593-F4F2-49F0-B82F-B88063556F75}.Debug|x86.ActiveCfg = Debug|Any CPU
		{5C4F5593-F4F2-49F0-B82F-B88063556F75}.Debug|x86.Build.0 = Debug|Any CPU
		{5C4F5593-F4F2-49F0-B82F-B88063556F75}.Release|Any CPU.ActiveCfg = Release|Any CPU
		{5C4F5593-F4F2-49F0-B82F-B88063556F75}.Release|Any CPU.Build.0 = Release|Any CPU
		{5C4F5593-F4F2-49F0-B82F-B88063556F75}.Release|x64.ActiveCfg = Release|Any CPU
		{5C4F5593-F4F2-49F0-B82F-B88063556F75}.Release|x64.Build.0 = Release|Any CPU
		{5C4F5593-F4F2-49F0-B82F-B88063556F75}.Release|x86.ActiveCfg = Release|Any CPU
		{5C4F5593-F4F2-49F0-B82F-B88063556F75}.Release|x86.Build.0 = Release|Any CPU
		{C2AE2818-94B3-47AA-B8E5-8FF204B2799F}.Debug|Any CPU.ActiveCfg = Debug|Any CPU
		{C2AE2818-94B3-47AA-B8E5-8FF204B2799F}.Debug|Any CPU.Build.0 = Debug|Any CPU
		{C2AE2818-94B3-47AA-B8E5-8FF204B2799F}.Debug|x64.ActiveCfg = Debug|Any CPU
		{C2AE2818-94B3-47AA-B8E5-8FF204B2799F}.Debug|x64.Build.0 = Debug|Any CPU
		{C2AE2818-94B3-47AA-B8E5-8FF204B2799F}.Debug|x86.ActiveCfg = Debug|Any CPU
		{C2AE2818-94B3-47AA-B8E5-8FF204B2799F}.Debug|x86.Build.0 = Debug|Any CPU
		{C2AE2818-94B3-47AA-B8E5-8FF204B2799F}.Release|Any CPU.ActiveCfg = Release|Any CPU
		{C2AE2818-94B3-47AA-B8E5-8FF204B2799F}.Release|Any CPU.Build.0 = Release|Any CPU
		{C2AE2818-94B3-47AA-B8E5-8FF204B2799F}.Release|x64.ActiveCfg = Release|Any CPU
		{C2AE2818-94B3-47AA-B8E5-8FF204B2799F}.Release|x64.Build.0 = Release|Any CPU
		{C2AE2818-94B3-47AA-B8E5-8FF204B2799F}.Release|x86.ActiveCfg = Release|Any CPU
		{C2AE2818-94B3-47AA-B8E5-8FF204B2799F}.Release|x86.Build.0 = Release|Any CPU
		{4A1C2618-1D6B-455B-8B80-3DB4B5AABB70}.Debug|Any CPU.ActiveCfg = Debug|Any CPU
		{4A1C2618-1D6B-455B-8B80-3DB4B5AABB70}.Debug|Any CPU.Build.0 = Debug|Any CPU
		{4A1C2618-1D6B-455B-8B80-3DB4B5AABB70}.Debug|x64.ActiveCfg = Debug|Any CPU
		{4A1C2618-1D6B-455B-8B80-3DB4B5AABB70}.Debug|x64.Build.0 = Debug|Any CPU
		{4A1C2618-1D6B-455B-8B80-3DB4B5AABB70}.Debug|x86.ActiveCfg = Debug|Any CPU
		{4A1C2618-1D6B-455B-8B80-3DB4B5AABB70}.Debug|x86.Build.0 = Debug|Any CPU
		{4A1C2618-1D6B-455B-8B80-3DB4B5AABB70}.Release|Any CPU.ActiveCfg = Release|Any CPU
		{4A1C2618-1D6B-455B-8B80-3DB4B5AABB70}.Release|Any CPU.Build.0 = Release|Any CPU
		{4A1C2618-1D6B-455B-8B80-3DB4B5AABB70}.Release|x64.ActiveCfg = Release|Any CPU
		{4A1C2618-1D6B-455B-8B80-3DB4B5AABB70}.Release|x64.Build.0 = Release|Any CPU
		{4A1C2618-1D6B-455B-8B80-3DB4B5AABB70}.Release|x86.ActiveCfg = Release|Any CPU
		{4A1C2618-1D6B-455B-8B80-3DB4B5AABB70}.Release|x86.Build.0 = Release|Any CPU
		{6440E614-F254-4E2E-B25B-CEDCFFD078D5}.Debug|Any CPU.ActiveCfg = Debug|Any CPU
		{6440E614-F254-4E2E-B25B-CEDCFFD078D5}.Debug|Any CPU.Build.0 = Debug|Any CPU
		{6440E614-F254-4E2E-B25B-CEDCFFD078D5}.Debug|x64.ActiveCfg = Debug|Any CPU
		{6440E614-F254-4E2E-B25B-CEDCFFD078D5}.Debug|x64.Build.0 = Debug|Any CPU
		{6440E614-F254-4E2E-B25B-CEDCFFD078D5}.Debug|x86.ActiveCfg = Debug|Any CPU
		{6440E614-F254-4E2E-B25B-CEDCFFD078D5}.Debug|x86.Build.0 = Debug|Any CPU
		{6440E614-F254-4E2E-B25B-CEDCFFD078D5}.Release|Any CPU.ActiveCfg = Release|Any CPU
		{6440E614-F254-4E2E-B25B-CEDCFFD078D5}.Release|Any CPU.Build.0 = Release|Any CPU
		{6440E614-F254-4E2E-B25B-CEDCFFD078D5}.Release|x64.ActiveCfg = Release|Any CPU
		{6440E614-F254-4E2E-B25B-CEDCFFD078D5}.Release|x64.Build.0 = Release|Any CPU
		{6440E614-F254-4E2E-B25B-CEDCFFD078D5}.Release|x86.ActiveCfg = Release|Any CPU
		{6440E614-F254-4E2E-B25B-CEDCFFD078D5}.Release|x86.Build.0 = Release|Any CPU
		{8397E8D9-664F-4FF2-B128-67AAA00E2298}.Debug|Any CPU.ActiveCfg = Debug|Any CPU
		{8397E8D9-664F-4FF2-B128-67AAA00E2298}.Debug|Any CPU.Build.0 = Debug|Any CPU
		{8397E8D9-664F-4FF2-B128-67AAA00E2298}.Debug|x64.ActiveCfg = Debug|Any CPU
		{8397E8D9-664F-4FF2-B128-67AAA00E2298}.Debug|x64.Build.0 = Debug|Any CPU
		{8397E8D9-664F-4FF2-B128-67AAA00E2298}.Debug|x86.ActiveCfg = Debug|Any CPU
		{8397E8D9-664F-4FF2-B128-67AAA00E2298}.Debug|x86.Build.0 = Debug|Any CPU
		{8397E8D9-664F-4FF2-B128-67AAA00E2298}.Release|Any CPU.ActiveCfg = Release|Any CPU
		{8397E8D9-664F-4FF2-B128-67AAA00E2298}.Release|Any CPU.Build.0 = Release|Any CPU
		{8397E8D9-664F-4FF2-B128-67AAA00E2298}.Release|x64.ActiveCfg = Release|Any CPU
		{8397E8D9-664F-4FF2-B128-67AAA00E2298}.Release|x64.Build.0 = Release|Any CPU
		{8397E8D9-664F-4FF2-B128-67AAA00E2298}.Release|x86.ActiveCfg = Release|Any CPU
		{8397E8D9-664F-4FF2-B128-67AAA00E2298}.Release|x86.Build.0 = Release|Any CPU
	EndGlobalSection
	GlobalSection(SolutionProperties) = preSolution
		HideSolutionNode = FALSE
	EndGlobalSection
	GlobalSection(ExtensibilityGlobals) = postSolution
		SolutionGuid = {AFAD6A38-B7A1-4D77-B21D-487F06633FA8}
	EndGlobalSection
EndGlobal
