
Microsoft Visual Studio Solution File, Format Version 12.00
# Visual Studio Version 17
VisualStudioVersion = 17.0.32126.317
MinimumVisualStudioVersion = 10.0.40219.1
Project("{9A19103F-16F7-4668-BE54-9A1E7A4F7556}") = "Data", "Data\Data.csproj", "{6440E614-F254-4E2E-B25B-CEDCFFD078D5}"
EndProject
Project("{9A19103F-16F7-4668-BE54-9A1E7A4F7556}") = "Logic", "Logic\Logic.csproj", "{5C4F5593-F4F2-49F0-B82F-B88063556F75}"
EndProject
Project("{9A19103F-16F7-4668-BE54-9A1E7A4F7556}") = "Presentation", "Presentation\Presentation.csproj", "{B653A3F7-97C0-4E2D-909B-E1CADDDE1187}"
EndProject
Project("{9A19103F-16F7-4668-BE54-9A1E7A4F7556}") = "DataTest", "DataTest\DataTest.csproj", "{C2AE2818-94B3-47AA-B8E5-8FF204B2799F}"
EndProject
Project("{9A19103F-16F7-4668-BE54-9A1E7A4F7556}") = "LogicTest", "LogicTest\LogicTest.csproj", "{4A1C2618-1D6B-455B-8B80-3DB4B5AABB70}"
EndProject
Global
	GlobalSection(SolutionConfigurationPlatforms) = preSolution
		Debug|Any CPU = Debug|Any CPU
		Debug|x64 = Debug|x64
		Debug|x86 = Debug|x86
		Release|Any CPU = Release|Any CPU
		Release|x64 = Release|x64
		Release|x86 = Release|x86
	EndGlobalSection
	GlobalSection(ProjectConfigurationPlatforms) = postSolution
		{6440E614-F254-4E2E-B25B-CEDCFFD078D5}.Debug|Any CPU.ActiveCfg = Debug|Any CPU
		{6440E614-F254-4E2E-B25B-CEDCFFD078D5}.Debug|Any CPU.Build.0 = Debug|Any CPU
		{6440E614-F254-4E2E-B25B-CEDCFFD078D5}.Debug|x64.ActiveCfg = Debug|Any CPU
		{6440E614-F254-4E2E-B25B-CEDCFFD078D5}.Debug|x64.Build.0 = Debug|Any CPU
		{6440E614-F254-4E2E-B25B-CEDCFFD078D5}.Debug|x86.ActiveCfg = Debug|Any CPU
		{6440E614-F254-4E2E-B25B-CEDCFFD078D5}.Debug|x86.Build.0 = Debug|Any CPU
		{6440E614-F254-4E2E-B25B-CEDCFFD078D5}.Release|Any CPU.ActiveCfg = Release|Any CPU
		{6440E614-F254-4E2E-B25B-CEDCFFD078D5}.Release|Any CPU.Build.0 = Release|Any CPU
		{6440E614-F254-4E2E-B25B-CEDCFFD078D5}.Release|x64.ActiveCfg = Release|Any CPU
		{6440E614-F254-4E2E-B25B-CEDCFFD078D5}.Release|x64.Build.0 = Release|Any CPU
		{6440E614-F254-4E2E-B25B-CEDCFFD078D5}.Release|x86.ActiveCfg = Release|Any CPU
		{6440E614-F254-4E2E-B25B-CEDCFFD078D5}.Release|x86.Build.0 = Release|Any CPU
		{5C4F5593-F4F2-49F0-B82F-B88063556F75}.Debug|Any CPU.ActiveCfg = Debug|Any CPU
		{5C4F5593-F4F2-49F0-B82F-B88063556F75}.Debug|Any CPU.Build.0 = Debug|Any CPU
		{5C4F5593-F4F2-49F0-B82F-B88063556F75}.Debug|x64.ActiveCfg = Debug|Any CPU
		{5C4F5593-F4F2-49F0-B82F-B88063556F75}.Debug|x64.Build.0 = Debug|Any CPU
		{5C4F5593-F4F2-49F0-B82F-B88063556F75}.Debug|x86.ActiveCfg = Debug|Any CPU
		{5C4F5593-F4F2-49F0-B82F-B88063556F75}.Debug|x86.Build.0 = Debug|Any CPU
		{5C4F5593-F4F2-49F0-B82F-B88063556F75}.Release|Any CPU.ActiveCfg = Release|Any CPU
		{5C4F5593-F4F2-49F0-B82F-B88063556F75}.Release|Any CPU.Build.0 = Release|Any CPU
		{5C4F5593-F4F2-49F0-B82F-B88063556F75}.Release|x64.ActiveCfg = Release|Any CPU
		{5C4F5593-F4F2-49F0-B82F-B88063556F75}.Release|x64.Build.0 = Release|Any CPU
		{5C4F5593-F4F2-49F0-B82F-B88063556F75}.Release|x86.ActiveCfg = Release|Any CPU
		{5C4F5593-F4F2-49F0-B82F-B88063556F75}.Release|x86.Build.0 = Release|Any CPU
		{B653A3F7-97C0-4E2D-909B-E1CADDDE1187}.Debug|Any CPU.ActiveCfg = Debug|Any CPU
		{B653A3F7-97C0-4E2D-909B-E1CADDDE1187}.Debug|Any CPU.Build.0 = Debug|Any CPU
		{B653A3F7-97C0-4E2D-909B-E1CADDDE1187}.Debug|x64.ActiveCfg = Debug|Any CPU
		{B653A3F7-97C0-4E2D-909B-E1CADDDE1187}.Debug|x64.Build.0 = Debug|Any CPU
		{B653A3F7-97C0-4E2D-909B-E1CADDDE1187}.Debug|x86.ActiveCfg = Debug|Any CPU
		{B653A3F7-97C0-4E2D-909B-E1CADDDE1187}.Debug|x86.Build.0 = Debug|Any CPU
		{B653A3F7-97C0-4E2D-909B-E1CADDDE1187}.Release|Any CPU.ActiveCfg = Release|Any CPU
		{B653A3F7-97C0-4E2D-909B-E1CADDDE1187}.Release|Any CPU.Build.0 = Release|Any CPU
		{B653A3F7-97C0-4E2D-909B-E1CADDDE1187}.Release|x64.ActiveCfg = Release|Any CPU
		{B653A3F7-97C0-4E2D-909B-E1CADDDE1187}.Release|x64.Build.0 = Release|Any CPU
		{B653A3F7-97C0-4E2D-909B-E1CADDDE1187}.Release|x86.ActiveCfg = Release|Any CPU
		{B653A3F7-97C0-4E2D-909B-E1CADDDE1187}.Release|x86.Build.0 = Release|Any CPU
		{C2AE2818-94B3-47AA-B8E5-8FF204B2799F}.Debug|Any CPU.ActiveCfg = Debug|Any CPU
		{C2AE2818-94B3-47AA-B8E5-8FF204B2799F}.Debug|Any CPU.Build.0 = Debug|Any CPU
		{C2AE2818-94B3-47AA-B8E5-8FF204B2799F}.Debug|x64.ActiveCfg = Debug|Any CPU
		{C2AE2818-94B3-47AA-B8E5-8FF204B2799F}.Debug|x64.Build.0 = Debug|Any CPU
		{C2AE2818-94B3-47AA-B8E5-8FF204B2799F}.Debug|x86.ActiveCfg = Debug|Any CPU
		{C2AE2818-94B3-47AA-B8E5-8FF204B2799F}.Debug|x86.Build.0 = Debug|Any CPU
		{C2AE2818-94B3-47AA-B8E5-8FF204B2799F}.Release|Any CPU.ActiveCfg = Release|Any CPU
		{C2AE2818-94B3-47AA-B8E5-8FF204B2799F}.Release|Any CPU.Build.0 = Release|Any CPU
		{C2AE2818-94B3-47AA-B8E5-8FF204B2799F}.Release|x64.ActiveCfg = Release|Any CPU
		{C2AE2818-94B3-47AA-B8E5-8FF204B2799F}.Release|x64.Build.0 = Release|Any CPU
		{C2AE2818-94B3-47AA-B8E5-8FF204B2799F}.Release|x86.ActiveCfg = Release|Any CPU
		{C2AE2818-94B3-47AA-B8E5-8FF204B2799F}.Release|x86.Build.0 = Release|Any CPU
		{4A1C2618-1D6B-455B-8B80-3DB4B5AABB70}.Debug|Any CPU.ActiveCfg = Debug|Any CPU
		{4A1C2618-1D6B-455B-8B80-3DB4B5AABB70}.Debug|Any CPU.Build.0 = Debug|Any CPU
		{4A1C2618-1D6B-455B-8B80-3DB4B5AABB70}.Debug|x64.ActiveCfg = Debug|Any CPU
		{4A1C2618-1D6B-455B-8B80-3DB4B5AABB70}.Debug|x64.Build.0 = Debug|Any CPU
		{4A1C2618-1D6B-455B-8B80-3DB4B5AABB70}.Debug|x86.ActiveCfg = Debug|Any CPU
		{4A1C2618-1D6B-455B-8B80-3DB4B5AABB70}.Debug|x86.Build.0 = Debug|Any CPU
		{4A1C2618-1D6B-455B-8B80-3DB4B5AABB70}.Release|Any CPU.ActiveCfg = Release|Any CPU
		{4A1C2618-1D6B-455B-8B80-3DB4B5AABB70}.Release|Any CPU.Build.0 = Release|Any CPU
		{4A1C2618-1D6B-455B-8B80-3DB4B5AABB70}.Release|x64.ActiveCfg = Release|Any CPU
		{4A1C2618-1D6B-455B-8B80-3DB4B5AABB70}.Release|x64.Build.0 = Release|Any CPU
		{4A1C2618-1D6B-455B-8B80-3DB4B5AABB70}.Release|x86.ActiveCfg = Release|Any CPU
		{4A1C2618-1D6B-455B-8B80-3DB4B5AABB70}.Release|x86.Build.0 = Release|Any CPU
	EndGlobalSection
	GlobalSection(SolutionProperties) = preSolution
		HideSolutionNode = FALSE
	EndGlobalSection
	GlobalSection(ExtensibilityGlobals) = postSolution
		SolutionGuid = {AFAD6A38-B7A1-4D77-B21D-487F06633FA8}
	EndGlobalSection
EndGlobal
